<?xml version="1.0" encoding="utf-8"?>
<Project ToolsVersion="4.0" xmlns="http://schemas.microsoft.com/developer/msbuild/2003">
  <ItemGroup>
    <Filter Include="Source Files">
      <UniqueIdentifier>{4FC737F1-C7A5-4376-A066-2A32D752A2FF}</UniqueIdentifier>
      <Extensions>cpp;cxx;c;def</Extensions>
    </Filter>
    <Filter Include="Header Files">
      <UniqueIdentifier>{93995380-89BD-4b04-88EB-625FBE52EBFB}</UniqueIdentifier>
      <Extensions>h</Extensions>
    </Filter>
    <Filter Include="Resource Files">
      <UniqueIdentifier>{D9D6E242-F8AF-46E4-B9FD-80ECBC20BA3E}</UniqueIdentifier>
      <Extensions>qrc;*</Extensions>
      <ParseFiles>false</ParseFiles>
    </Filter>
    <Filter Include="Generated Files">
      <UniqueIdentifier>{71ED8ED8-ACB9-4CE9-BBE1-E00B30144E11}</UniqueIdentifier>
      <Extensions>moc;h;cpp</Extensions>
      <SourceControlFiles>False</SourceControlFiles>
    </Filter>
    <Filter Include="Generated Files\Debug">
      <UniqueIdentifier>{726bab81-79d7-4a00-9c59-313c790376e6}</UniqueIdentifier>
      <Extensions>cpp;moc</Extensions>
      <SourceControlFiles>False</SourceControlFiles>
    </Filter>
    <Filter Include="Generated Files\Release">
      <UniqueIdentifier>{ee65804c-d653-4b5a-9ab9-51ea79f70d95}</UniqueIdentifier>
      <Extensions>cpp;moc</Extensions>
      <SourceControlFiles>False</SourceControlFiles>
    </Filter>
    <Filter Include="Resource Files\Shaders">
      <UniqueIdentifier>{5e653bce-3295-435b-8171-5a07fbec4d36}</UniqueIdentifier>
    </Filter>
    <Filter Include="Resource Files\Others">
      <UniqueIdentifier>{86ec5dfd-7dd1-4b98-ad53-13ce8e1073ea}</UniqueIdentifier>
    </Filter>
    <Filter Include="Resource Files\Models">
      <UniqueIdentifier>{c3abf7c2-4fb8-4406-a36d-6f9f9f476880}</UniqueIdentifier>
    </Filter>
    <Filter Include="Resource Files\Models\Astroboy">
      <UniqueIdentifier>{37e3e403-54da-4089-9858-ad492c55ceb3}</UniqueIdentifier>
    </Filter>
    <Filter Include="Resource Files\Textures_simple">
      <UniqueIdentifier>{1da464fe-160a-4087-bc46-d3ab4f35cf0b}</UniqueIdentifier>
    </Filter>
    <Filter Include="Resource Files\Models\Astroboy\Textures">
      <UniqueIdentifier>{749f665f-3cac-4810-8ea8-cce708489d71}</UniqueIdentifier>
    </Filter>
  </ItemGroup>
  <ItemGroup>
    <ClCompile Include="src\camera.cpp">
      <Filter>Source Files</Filter>
    </ClCompile>
    <ClCompile Include="src\main.cpp">
      <Filter>Source Files</Filter>
    </ClCompile>
    <ClCompile Include="src\material.cpp">
      <Filter>Source Files</Filter>
    </ClCompile>
    <ClCompile Include="src\renderer.cpp">
      <Filter>Source Files</Filter>
    </ClCompile>
    <ClCompile Include="src\renderingwidget.cpp">
      <Filter>Source Files</Filter>
    </ClCompile>
    <ClCompile Include="src\shader.cpp">
      <Filter>Source Files</Filter>
    </ClCompile>
    <ClCompile Include="src\texture.cpp">
      <Filter>Source Files</Filter>
    </ClCompile>
    <ClCompile Include="GeneratedFiles\Debug\moc_renderingwidget.cpp">
      <Filter>Generated Files\Debug</Filter>
    </ClCompile>
    <ClCompile Include="GeneratedFiles\Release\moc_renderingwidget.cpp">
      <Filter>Generated Files\Release</Filter>
    </ClCompile>
    <ClCompile Include="src\mesh.cpp">
      <Filter>Source Files</Filter>
    </ClCompile>
    <ClCompile Include="src\light.cpp">
      <Filter>Source Files</Filter>
    </ClCompile>
    <ClCompile Include="src\model.cpp">
      <Filter>Source Files</Filter>
    </ClCompile>
    <ClCompile Include="src\shapes.cpp">
      <Filter>Source Files</Filter>
    </ClCompile>
  </ItemGroup>
  <ItemGroup>
    <ClInclude Include="headers\camera.h">
      <Filter>Header Files</Filter>
    </ClInclude>
    <ClInclude Include="headers\material.h">
      <Filter>Header Files</Filter>
    </ClInclude>
    <ClInclude Include="headers\renderer.h">
      <Filter>Header Files</Filter>
    </ClInclude>
    <ClInclude Include="headers\shader.h">
      <Filter>Header Files</Filter>
    </ClInclude>
    <ClInclude Include="headers\texture.h">
      <Filter>Header Files</Filter>
    </ClInclude>
    <ClInclude Include="headers\opengl.h">
      <Filter>Header Files</Filter>
    </ClInclude>
    <ClInclude Include="headers\mesh.h">
      <Filter>Header Files</Filter>
    </ClInclude>
    <ClInclude Include="headers\light.h">
      <Filter>Header Files</Filter>
    </ClInclude>
    <ClInclude Include="headers\model.h">
      <Filter>Header Files</Filter>
    </ClInclude>
    <ClInclude Include="headers\shapes.h">
      <Filter>Header Files</Filter>
    </ClInclude>
  </ItemGroup>
  <ItemGroup>
    <CustomBuild Include="headers\renderingwidget.h">
      <Filter>Header Files</Filter>
    </CustomBuild>
  </ItemGroup>
  <ItemGroup>
    <None Include="shaders\light.frag">
      <Filter>Resource Files\Shaders</Filter>
    </None>
    <None Include="shaders\light.vert">
      <Filter>Resource Files\Shaders</Filter>
    </None>
    <None Include="shaders\base.frag">
      <Filter>Resource Files\Shaders</Filter>
    </None>
    <None Include="shaders\base.vert">
      <Filter>Resource Files\Shaders</Filter>
    </None>
    <None Include="Resources\Astroboy\astroboy.dae">
      <Filter>Resource Files\Models\Astroboy</Filter>
    </None>
    <None Include="shaders\blur.frag">
      <Filter>Resource Files\Shaders</Filter>
    </None>
    <None Include="shaders\blur.vert">
      <Filter>Resource Files\Shaders</Filter>
    </None>
    <None Include="shaders\hdr_effects.vert">
      <Filter>Resource Files\Shaders</Filter>
    </None>
    <None Include="shaders\hdr_effects.frag">
      <Filter>Resource Files\Shaders</Filter>
    </None>
    <None Include="shaders\ssao.frag">
      <Filter>Resource Files\Shaders</Filter>
    </None>
    <None Include="shaders\ssao.vert">
      <Filter>Resource Files\Shaders</Filter>
    </None>
  </ItemGroup>
  <ItemGroup>
    <Image Include="textures\awesomeface.png">
      <Filter>Resource Files\Textures_simple</Filter>
    </Image>
    <Image Include="textures\container.jpg">
      <Filter>Resource Files\Textures_simple</Filter>
    </Image>
    <Image Include="Resources\Astroboy\boy_10.png">
      <Filter>Resource Files\Models\Astroboy\Textures</Filter>
    </Image>
  </ItemGroup>
  <ItemGroup>
    <Text Include="CMakeLists.txt">
      <Filter>Resource Files\Others</Filter>
    </Text>
  </ItemGroup>
</Project>